github.com/RaMin0/gin-health-check v0.0.0-20180807004848-a677317b3f01/go.mod h1:vZ/F780spvlix7Qg0/17Uj0SayI+CqtybQHtPEV9RTE=
github.com/containerd/containerd v1.5.8/go.mod h1:YdFSv5bTFLpG2HIYmfqDpSYYTDX+mc5qtSuYx1YUb/s=
github.com/dgrijalva/jwt-go v3.2.0+incompatible/go.mod h1:E3ru+11k8xSBh+hMPgOLZmtrrCbhqsmaPHjLKYnJCaQ=
github.com/docker/docker v20.10.11+incompatible/go.mod h1:eEKB0N0r5NX/I1kEveEz05bcu8tLC/8azJZsviup8Sk=
github.com/docker/go-connections v0.4.0/go.mod h1:Gbd7IOopHjR8Iph03tsViu4nIes5XhDvyHbTtUxmeec=
github.com/gin-gonic/gin v1.7.2/go.mod h1:jD2toBW3GZUr5UMcdrwQA10I7RuaFOl/SGeDjXkfUtY=
github.com/gin-gonic/gin v1.7.7/go.mod h1:axIBovoeJpVj8S3BwE0uPMTeReE4+AfFtqpqaZ1qq1U=
github.com/go-playground/validator/v10 v10.6.1/go.mod h1:xm76BBt941f7yWdGnI2DVPFFg1UK3YY04qifoXU3lOk=
github.com/golang-migrate/migrate v3.5.4+incompatible/go.mod h1:IsVUlFN5puWOmXrqjgGUfIRIbU7mr8oNBE2tyERd9Wk=
github.com/golang/protobuf v1.5.2/go.mod h1:XVQd3VNwM+JqD3oG2Ue2ip4fOMUkwXdXDdiuN0vRsmY=
github.com/google/uuid v1.2.0/go.mod h1:TIyPZe4MgqvfeYDBFedMoGGpEw/LqOeaOT+nhxU+yHo=
github.com/google/wire v0.5.0/go.mod h1:ngWDr9Qvq3yZA10YrxfyGELY/AFWGVpy9c1LTRi1EoU=
github.com/gorilla/mux v1.7.3/go.mod h1:1lud6UwP+6orDFRuTfBEV8e9/aOM/c4fVVCaMa2zaAs=
github.com/huypher/utils v0.0.0-20211207083552-61a07fe35b13 h1:Owa91/6qwQKY+iylS7WA3ddfLTzo0622iK+jGDVJomQ=
github.com/huypher/utils v0.0.0-20211207083552-61a07fe35b13/go.mod h1:YM8SV7TpWd2kegvzwYsqtk1YCJOoX6S3lCdNxb3xPF0=
github.com/huypher/utils v0.0.0-20211207125021-6b088ee7d080 h1:xYHvtaa3sjVV+qtipTaE6tFxFS4Hx13JkW8D6OEY6xI=
github.com/huypher/utils v0.0.0-20211207125021-6b088ee7d080/go.mod h1:JTw2ctOiTKKS4aea/411qxkaDdI6v/m1LPLRo8NpyB4=
github.com/jackc/pgx/v4 v4.14.1/go.mod h1:RgDuE4Z34o7XE92RpLsvFiOEfrAUT0Xt2KxvX73W06M=
github.com/jinzhu/now v1.1.4/go.mod h1:d3SSVoowX0Lcu0IBviAWJpolVfI5UJVZZ7cO71lE/z8=
github.com/json-iterator/go v1.1.11/go.mod h1:KdQUCv79m/52Kvf8AW2vK1V8akMuk1QjK/uOdHXbAo4=
github.com/leodido/go-urn v1.2.1/go.mod h1:zt4jvISO2HfUBqxjfIshjdMTYS56ZS/qv49ictyFfxY=
github.com/mattn/go-isatty v0.0.13/go.mod h1:cbi8OIDigv2wuxKPP5vlRcQ1OAZbq2CE4Kysco4FUpU=
github.com/mitchellh/go-homedir v1.1.0/go.mod h1:SfyaCUpYCn1Vlf4IUYiD9fPX4A5wJrkLzIz1N1q0pr0=
github.com/moby/term v0.0.0-20210619224110-3f7ff695adc6/go.mod h1:E2VnQOmVuvZB6UYnnDB0qG5Nq/1tD9acaOpo6xmt0Kw=
github.com/morikuni/aec v1.0.0/go.mod h1:BbKIizmSmc5MMPqRYbxO4ZU0S0+P200+tUnFx7PXmsc=
github.com/opencontainers/image-spec v1.0.2/go.mod h1:BtxoFyWECRxE4U/7sNtV5W15zMzWCbyJoFRP3s7yZA0=
github.com/sirupsen/logrus v1.8.1/go.mod h1:yWOB1SBYBC5VeMP7gHvWumXLIWorT60ONWic61uBYv0=
github.com/spf13/cobra v1.1.3/go.mod h1:pGADOWyqRD/YMrPZigI/zbliZ2wVD/23d+is3pSWzOo=
github.com/spf13/viper v1.7.0/go.mod h1:8WkrPz2fc9jxqZNCJI/76HCieCp4Q8HaLFoCha5qpdg=
github.com/stretchr/testify v1.7.0/go.mod h1:6Fq8oRcR53rry900zMqJjRRixrwX3KX962/h/Wwjteg=
github.com/toorop/gin-logrus v0.0.0-20210225092905-2c785434f26f/go.mod h1:X3Dd1SB8Gt1V968NTzpKFjMM6O8ccta2NPC6MprOxZQ=
github.com/ugorji/go v1.2.6/go.mod h1:anCg0y61KIhDlPZmnH+so+RQbysYVyDko0IMgJv0Nn0=
github.com/uptrace/bun v0.1.16/go.mod h1:y7OgTXdMe3wrAyp1He4Sx1o41kzCQQ8TeBFZyQp3SOg=
golang.org/x/crypto v0.0.0-20211202192323-5770296d904e/go.mod h1:IxCIyHEi3zRg3s0A5j5BB6A9Jmi73HwBIUl50j+osU4=
gorm.io/driver/postgres v1.2.3/go.mod h1:pJV6RgYQPG47aM1f0QeOzFH9HxQc8JcmAgjRCgS0wjs=
gorm.io/gorm v1.22.4/go.mod h1:1aeVC+pe9ZmvKZban/gW4QPra7PRoTEssyc922qCAkk=
